{
  "name": "musigym",
  "lockfileVersion": 3,
  "requires": true,
  "packages": {
    "": {
      "dependencies": {
        "verovio": "^5.1.0"
      }
    },
    "node_modules/verovio": {
      "version": "5.1.0",
      "resolved": "https://registry.npmjs.org/verovio/-/verovio-5.1.0.tgz",
      "integrity": "sha512-P6Q91fishTYFd1mMwaspD+dwaBdNJ097zGVPsCGc98LOz+OiWUcSae2PE+Mp3jcJpNEiWgO0fQfx85zLy7sTxA==",
      "license": "LGPL-3.0-or-later",
      "engines": {
        "node": ">= 14.18.0"
      }
    }
  }
}
